// !$*UTF8*$!
{
	archiveVersion = 1;
	classes = {
	};
	objectVersion = 46;
	objects = {

/* Begin PBXBuildFile section */
		5B35AC07175E5B8400B0D9D2 /* LostPasswordViewController.xib in Resources */ = {isa = PBXBuildFile; fileRef = 5B35AC06175E5B8400B0D9D2 /* LostPasswordViewController.xib */; };
		5B35AC0C175E636800B0D9D2 /* SelectGameViewController.m in Sources */ = {isa = PBXBuildFile; fileRef = 5B35AC0A175E636800B0D9D2 /* SelectGameViewController.m */; };
		5B35AC0D175E636800B0D9D2 /* SelectGameViewController.xib in Resources */ = {isa = PBXBuildFile; fileRef = 5B35AC0B175E636800B0D9D2 /* SelectGameViewController.xib */; };
		5B35AC15175E8BC000B0D9D2 /* AppModel.m in Sources */ = {isa = PBXBuildFile; fileRef = 5B35AC13175E8BC000B0D9D2 /* AppModel.m */; };
		5B35AC16175E8BC000B0D9D2 /* GameViewController.xib in Resources */ = {isa = PBXBuildFile; fileRef = 5B35AC14175E8BC000B0D9D2 /* GameViewController.xib */; };
		5B45209E174FC4EE0038599C /* 73-radar.png in Resources */ = {isa = PBXBuildFile; fileRef = 5B45209D174FC4EE0038599C /* 73-radar.png */; };
		5B4520A0174FC4FF0038599C /* 179-notepad.png in Resources */ = {isa = PBXBuildFile; fileRef = 5B45209F174FC4FF0038599C /* 179-notepad.png */; };
		5B67E1CF174E681600DDBC2A /* SimpleTableCell.xib in Resources */ = {isa = PBXBuildFile; fileRef = 5B67E1CE174E681600DDBC2A /* SimpleTableCell.xib */; };
		5B67E1D2174E693B00DDBC2A /* SimpleTableCell.m in Sources */ = {isa = PBXBuildFile; fileRef = 5B67E1D1174E693B00DDBC2A /* SimpleTableCell.m */; };
		5B67E1D4174E7C9E00DDBC2A /* LoginTableCell.xib in Resources */ = {isa = PBXBuildFile; fileRef = 5B67E1D3174E7C9E00DDBC2A /* LoginTableCell.xib */; };
		5B67E1D7174E7CE200DDBC2A /* LoginTableCell.m in Sources */ = {isa = PBXBuildFile; fileRef = 5B67E1D6174E7CE200DDBC2A /* LoginTableCell.m */; };
		5B99A57F174D4F1000950E08 /* AppServices.m in Sources */ = {isa = PBXBuildFile; fileRef = 5B99A57E174D4F1000950E08 /* AppServices.m */; };
		5B9BAC7A1762455B0087EB07 /* Player.m in Sources */ = {isa = PBXBuildFile; fileRef = 5B9BAC791762455B0087EB07 /* Player.m */; };
		5BA58338176653FF0047B8CD /* ArisRealtimeLoginViewController.m in Sources */ = {isa = PBXBuildFile; fileRef = 5BA58334176653FE0047B8CD /* ArisRealtimeLoginViewController.m */; };
		5BA58339176653FF0047B8CD /* ArisRealtimeLoginViewController.xib in Resources */ = {isa = PBXBuildFile; fileRef = 5BA58335176653FE0047B8CD /* ArisRealtimeLoginViewController.xib */; };
		5BA5833A176653FF0047B8CD /* Event.m in Sources */ = {isa = PBXBuildFile; fileRef = 5BA58337176653FF0047B8CD /* Event.m */; };
		5BA58381176658870047B8CD /* JSONKit.m in Sources */ = {isa = PBXBuildFile; fileRef = 5BA58374176658870047B8CD /* JSONKit.m */; settings = {COMPILER_FLAGS = "-fno-objc-arc"; }; };
		5BA58382176658870047B8CD /* NSObject+SBJSON.m in Sources */ = {isa = PBXBuildFile; fileRef = 5BA58376176658870047B8CD /* NSObject+SBJSON.m */; };
		5BA58383176658870047B8CD /* NSString+SBJSON.m in Sources */ = {isa = PBXBuildFile; fileRef = 5BA58378176658870047B8CD /* NSString+SBJSON.m */; };
		5BA58384176658870047B8CD /* SBJSON.m in Sources */ = {isa = PBXBuildFile; fileRef = 5BA5837A176658870047B8CD /* SBJSON.m */; };
		5BA58385176658870047B8CD /* SBJsonBase.m in Sources */ = {isa = PBXBuildFile; fileRef = 5BA5837C176658870047B8CD /* SBJsonBase.m */; };
		5BA58386176658870047B8CD /* SBJsonParser.m in Sources */ = {isa = PBXBuildFile; fileRef = 5BA5837E176658870047B8CD /* SBJsonParser.m */; };
		5BA58387176658870047B8CD /* SBJsonWriter.m in Sources */ = {isa = PBXBuildFile; fileRef = 5BA58380176658870047B8CD /* SBJsonWriter.m */; };
		5BAFEB4F175FA22200FB90E1 /* JSONConnection.m in Sources */ = {isa = PBXBuildFile; fileRef = 5BAFEB4E175FA22200FB90E1 /* JSONConnection.m */; };
		5BAFEB52175FA29100FB90E1 /* ServiceResult.m in Sources */ = {isa = PBXBuildFile; fileRef = 5BAFEB51175FA29100FB90E1 /* ServiceResult.m */; };
		5BAFEB70175FA6A500FB90E1 /* ARISAlertHandler.m in Sources */ = {isa = PBXBuildFile; fileRef = 5BAFEB6F175FA6A500FB90E1 /* ARISAlertHandler.m */; };
		5BAFEB72175FA8AC00FB90E1 /* MessageUI.framework in Frameworks */ = {isa = PBXBuildFile; fileRef = 5BAFEB71175FA8AB00FB90E1 /* MessageUI.framework */; };
		5BBDCF6C176100DD004CDA15 /* Game.m in Sources */ = {isa = PBXBuildFile; fileRef = 5BBDCF6B176100DD004CDA15 /* Game.m */; };
		5BBDCF6F176101E4004CDA15 /* NSDictionary+ValidParsers.m in Sources */ = {isa = PBXBuildFile; fileRef = 5BBDCF6E176101E4004CDA15 /* NSDictionary+ValidParsers.m */; };
		5BBDCF71176102A2004CDA15 /* CoreLocation.framework in Frameworks */ = {isa = PBXBuildFile; fileRef = 5BBDCF70176102A2004CDA15 /* CoreLocation.framework */; };
		5BBDCF74176133AE004CDA15 /* Location.m in Sources */ = {isa = PBXBuildFile; fileRef = 5BBDCF73176133AD004CDA15 /* Location.m */; };
		5BBDCF781761343B004CDA15 /* GameObjectViewController.m in Sources */ = {isa = PBXBuildFile; fileRef = 5BBDCF771761343B004CDA15 /* GameObjectViewController.m */; };
		5BE41116175D135E00A09986 /* 74-location.png in Resources */ = {isa = PBXBuildFile; fileRef = 5BE41110175D135E00A09986 /* 74-location.png */; };
		5BE41118175D135E00A09986 /* 196-radiation.png in Resources */ = {isa = PBXBuildFile; fileRef = 5BE41112175D135E00A09986 /* 196-radiation.png */; };
		5BE41119175D135E00A09986 /* cactus.png in Resources */ = {isa = PBXBuildFile; fileRef = 5BE41113175D135E00A09986 /* cactus.png */; };
		5BE4111A175D135E00A09986 /* palmTree.png in Resources */ = {isa = PBXBuildFile; fileRef = 5BE41114175D135E00A09986 /* palmTree.png */; };
		5BE4111B175D135E00A09986 /* sun.png in Resources */ = {isa = PBXBuildFile; fileRef = 5BE41115175D135E00A09986 /* sun.png */; };
		71242B9517554F38006CF0F3 /* 145-persondot.png in Resources */ = {isa = PBXBuildFile; fileRef = 71242B9317554F38006CF0F3 /* 145-persondot.png */; };
		71242C0017555678006CF0F3 /* LostPasswordViewController.m in Sources */ = {isa = PBXBuildFile; fileRef = 71242BFF17555678006CF0F3 /* LostPasswordViewController.m */; };
		718A5D101761428B009DA4F1 /* 246-route.png in Resources */ = {isa = PBXBuildFile; fileRef = 718A5D0F1761428B009DA4F1 /* 246-route.png */; };
		719451121770B46A00E542E7 /* InfoPlist.strings in Resources */ = {isa = PBXBuildFile; fileRef = 719451081770B46A00E542E7 /* InfoPlist.strings */; };
		719451131770B46A00E542E7 /* Localizable.strings in Resources */ = {isa = PBXBuildFile; fileRef = 7194510A1770B46A00E542E7 /* Localizable.strings */; };
		719451141770B46A00E542E7 /* Localizable.strings in Resources */ = {isa = PBXBuildFile; fileRef = 7194510D1770B46A00E542E7 /* Localizable.strings */; };
		719451151770B46A00E542E7 /* Localizable.strings in Resources */ = {isa = PBXBuildFile; fileRef = 719451101770B46A00E542E7 /* Localizable.strings */; };
		719941CB174D3F9200B7E42D /* UIKit.framework in Frameworks */ = {isa = PBXBuildFile; fileRef = 719941CA174D3F9200B7E42D /* UIKit.framework */; };
		719941CD174D3F9200B7E42D /* Foundation.framework in Frameworks */ = {isa = PBXBuildFile; fileRef = 719941CC174D3F9200B7E42D /* Foundation.framework */; };
		719941CF174D3F9200B7E42D /* CoreGraphics.framework in Frameworks */ = {isa = PBXBuildFile; fileRef = 719941CE174D3F9200B7E42D /* CoreGraphics.framework */; };
		719941D5174D3F9200B7E42D /* InfoPlist.strings in Resources */ = {isa = PBXBuildFile; fileRef = 719941D3174D3F9200B7E42D /* InfoPlist.strings */; };
		719941D7174D3F9200B7E42D /* main.m in Sources */ = {isa = PBXBuildFile; fileRef = 719941D6174D3F9200B7E42D /* main.m */; };
		719941DB174D3F9200B7E42D /* ARISRealtimeMonitorAppDelegate.m in Sources */ = {isa = PBXBuildFile; fileRef = 719941DA174D3F9200B7E42D /* ARISRealtimeMonitorAppDelegate.m */; };
		719941DD174D3F9200B7E42D /* Default.png in Resources */ = {isa = PBXBuildFile; fileRef = 719941DC174D3F9200B7E42D /* Default.png */; };
		719941DF174D3F9200B7E42D /* Default@2x.png in Resources */ = {isa = PBXBuildFile; fileRef = 719941DE174D3F9200B7E42D /* Default@2x.png */; };
		719941E1174D3F9200B7E42D /* Default-568h@2x.png in Resources */ = {isa = PBXBuildFile; fileRef = 719941E0174D3F9200B7E42D /* Default-568h@2x.png */; };
		719F9AFE174FD412004C6DF4 /* MapKit.framework in Frameworks */ = {isa = PBXBuildFile; fileRef = 719F9AFD174FD412004C6DF4 /* MapKit.framework */; };
		719F9B01174FE425004C6DF4 /* AnnotationGameLocation.m in Sources */ = {isa = PBXBuildFile; fileRef = 719F9B00174FE425004C6DF4 /* AnnotationGameLocation.m */; };
		719F9B04175506D7004C6DF4 /* AnnotationViews.m in Sources */ = {isa = PBXBuildFile; fileRef = 719F9B03175506D7004C6DF4 /* AnnotationViews.m */; };
		71AA1D2D176F7BB100FEE34E /* logo_dk_vertical_lock_up.png in Resources */ = {isa = PBXBuildFile; fileRef = 71AA1D2C176F7BB000FEE34E /* logo_dk_vertical_lock_up.png */; };
		71CFF3BE174D6208008C0C14 /* GameMapViewController.m in Sources */ = {isa = PBXBuildFile; fileRef = 71CFF3BC174D6208008C0C14 /* GameMapViewController.m */; };
		71CFF3BF174D6208008C0C14 /* GameMapViewController.xib in Resources */ = {isa = PBXBuildFile; fileRef = 71CFF3BD174D6208008C0C14 /* GameMapViewController.xib */; };
		71CFF3C3174D62C0008C0C14 /* GameTableViewController.m in Sources */ = {isa = PBXBuildFile; fileRef = 71CFF3C1174D62BF008C0C14 /* GameTableViewController.m */; };
		71CFF3C4174D62C0008C0C14 /* GameTableViewController.xib in Resources */ = {isa = PBXBuildFile; fileRef = 71CFF3C2174D62C0008C0C14 /* GameTableViewController.xib */; };
		71CFF3C8174E6F0F008C0C14 /* GameViewController.m in Sources */ = {isa = PBXBuildFile; fileRef = 71CFF3C6174E6F0E008C0C14 /* GameViewController.m */; };
		71F827B4176FB41D007156A2 /* 08-chat.png in Resources */ = {isa = PBXBuildFile; fileRef = 71F827AF176FB41D007156A2 /* 08-chat.png */; };
		71F827B5176FB41D007156A2 /* 55-network.png in Resources */ = {isa = PBXBuildFile; fileRef = 71F827B0176FB41D007156A2 /* 55-network.png */; };
		71F827B6176FB41D007156A2 /* 111-user.png in Resources */ = {isa = PBXBuildFile; fileRef = 71F827B1176FB41D007156A2 /* 111-user.png */; };
		71F827B7176FB41D007156A2 /* 174-imac.png in Resources */ = {isa = PBXBuildFile; fileRef = 71F827B2176FB41D007156A2 /* 174-imac.png */; };
		71F827B8176FB41D007156A2 /* 257-box3.png in Resources */ = {isa = PBXBuildFile; fileRef = 71F827B3176FB41D007156A2 /* 257-box3.png */; };
		71F827BA176FB5EE007156A2 /* notebook.png in Resources */ = {isa = PBXBuildFile; fileRef = 71F827B9176FB5EE007156A2 /* notebook.png */; };
/* End PBXBuildFile section */

/* Begin PBXFileReference section */
		5B35AC06175E5B8400B0D9D2 /* LostPasswordViewController.xib */ = {isa = PBXFileReference; fileEncoding = 4; lastKnownFileType = file.xib; path = LostPasswordViewController.xib; sourceTree = "<group>"; };
		5B35AC09175E636800B0D9D2 /* SelectGameViewController.h */ = {isa = PBXFileReference; fileEncoding = 4; lastKnownFileType = sourcecode.c.h; path = SelectGameViewController.h; sourceTree = "<group>"; };
		5B35AC0A175E636800B0D9D2 /* SelectGameViewController.m */ = {isa = PBXFileReference; fileEncoding = 4; lastKnownFileType = sourcecode.c.objc; path = SelectGameViewController.m; sourceTree = "<group>"; };
		5B35AC0B175E636800B0D9D2 /* SelectGameViewController.xib */ = {isa = PBXFileReference; fileEncoding = 4; lastKnownFileType = file.xib; path = SelectGameViewController.xib; sourceTree = "<group>"; };
		5B35AC12175E8BC000B0D9D2 /* AppModel.h */ = {isa = PBXFileReference; fileEncoding = 4; lastKnownFileType = sourcecode.c.h; path = AppModel.h; sourceTree = "<group>"; };
		5B35AC13175E8BC000B0D9D2 /* AppModel.m */ = {isa = PBXFileReference; fileEncoding = 4; lastKnownFileType = sourcecode.c.objc; path = AppModel.m; sourceTree = "<group>"; };
		5B35AC14175E8BC000B0D9D2 /* GameViewController.xib */ = {isa = PBXFileReference; fileEncoding = 4; lastKnownFileType = file.xib; path = GameViewController.xib; sourceTree = "<group>"; };
		5B45209D174FC4EE0038599C /* 73-radar.png */ = {isa = PBXFileReference; lastKnownFileType = image.png; path = "73-radar.png"; sourceTree = "<group>"; };
		5B45209F174FC4FF0038599C /* 179-notepad.png */ = {isa = PBXFileReference; lastKnownFileType = image.png; path = "179-notepad.png"; sourceTree = "<group>"; };
		5B67E1CE174E681600DDBC2A /* SimpleTableCell.xib */ = {isa = PBXFileReference; fileEncoding = 4; lastKnownFileType = file.xib; path = SimpleTableCell.xib; sourceTree = "<group>"; };
		5B67E1D0174E693B00DDBC2A /* SimpleTableCell.h */ = {isa = PBXFileReference; fileEncoding = 4; lastKnownFileType = sourcecode.c.h; path = SimpleTableCell.h; sourceTree = "<group>"; };
		5B67E1D1174E693B00DDBC2A /* SimpleTableCell.m */ = {isa = PBXFileReference; fileEncoding = 4; lastKnownFileType = sourcecode.c.objc; path = SimpleTableCell.m; sourceTree = "<group>"; };
		5B67E1D3174E7C9E00DDBC2A /* LoginTableCell.xib */ = {isa = PBXFileReference; fileEncoding = 4; lastKnownFileType = file.xib; path = LoginTableCell.xib; sourceTree = "<group>"; };
		5B67E1D5174E7CE200DDBC2A /* LoginTableCell.h */ = {isa = PBXFileReference; fileEncoding = 4; lastKnownFileType = sourcecode.c.h; path = LoginTableCell.h; sourceTree = "<group>"; };
		5B67E1D6174E7CE200DDBC2A /* LoginTableCell.m */ = {isa = PBXFileReference; fileEncoding = 4; lastKnownFileType = sourcecode.c.objc; path = LoginTableCell.m; sourceTree = "<group>"; };
		5B99A57D174D4F1000950E08 /* AppServices.h */ = {isa = PBXFileReference; fileEncoding = 4; lastKnownFileType = sourcecode.c.h; path = AppServices.h; sourceTree = "<group>"; };
		5B99A57E174D4F1000950E08 /* AppServices.m */ = {isa = PBXFileReference; fileEncoding = 4; lastKnownFileType = sourcecode.c.objc; path = AppServices.m; sourceTree = "<group>"; };
		5B9BAC781762455B0087EB07 /* Player.h */ = {isa = PBXFileReference; fileEncoding = 4; lastKnownFileType = sourcecode.c.h; path = Player.h; sourceTree = "<group>"; };
		5B9BAC791762455B0087EB07 /* Player.m */ = {isa = PBXFileReference; fileEncoding = 4; lastKnownFileType = sourcecode.c.objc; path = Player.m; sourceTree = "<group>"; };
		5BA58333176653FE0047B8CD /* ArisRealtimeLoginViewController.h */ = {isa = PBXFileReference; fileEncoding = 4; lastKnownFileType = sourcecode.c.h; path = ArisRealtimeLoginViewController.h; sourceTree = "<group>"; };
		5BA58334176653FE0047B8CD /* ArisRealtimeLoginViewController.m */ = {isa = PBXFileReference; fileEncoding = 4; lastKnownFileType = sourcecode.c.objc; path = ArisRealtimeLoginViewController.m; sourceTree = "<group>"; };
		5BA58335176653FE0047B8CD /* ArisRealtimeLoginViewController.xib */ = {isa = PBXFileReference; fileEncoding = 4; lastKnownFileType = file.xib; path = ArisRealtimeLoginViewController.xib; sourceTree = "<group>"; };
		5BA58336176653FF0047B8CD /* Event.h */ = {isa = PBXFileReference; fileEncoding = 4; lastKnownFileType = sourcecode.c.h; path = Event.h; sourceTree = "<group>"; };
		5BA58337176653FF0047B8CD /* Event.m */ = {isa = PBXFileReference; fileEncoding = 4; lastKnownFileType = sourcecode.c.objc; path = Event.m; sourceTree = "<group>"; };
		5BA58372176658870047B8CD /* JSON.h */ = {isa = PBXFileReference; fileEncoding = 4; lastKnownFileType = sourcecode.c.h; path = JSON.h; sourceTree = "<group>"; };
		5BA58373176658870047B8CD /* JSONKit.h */ = {isa = PBXFileReference; fileEncoding = 4; lastKnownFileType = sourcecode.c.h; path = JSONKit.h; sourceTree = "<group>"; };
		5BA58374176658870047B8CD /* JSONKit.m */ = {isa = PBXFileReference; fileEncoding = 4; lastKnownFileType = sourcecode.c.objc; path = JSONKit.m; sourceTree = "<group>"; };
		5BA58375176658870047B8CD /* NSObject+SBJSON.h */ = {isa = PBXFileReference; fileEncoding = 4; lastKnownFileType = sourcecode.c.h; path = "NSObject+SBJSON.h"; sourceTree = "<group>"; };
		5BA58376176658870047B8CD /* NSObject+SBJSON.m */ = {isa = PBXFileReference; fileEncoding = 4; lastKnownFileType = sourcecode.c.objc; path = "NSObject+SBJSON.m"; sourceTree = "<group>"; };
		5BA58377176658870047B8CD /* NSString+SBJSON.h */ = {isa = PBXFileReference; fileEncoding = 4; lastKnownFileType = sourcecode.c.h; path = "NSString+SBJSON.h"; sourceTree = "<group>"; };
		5BA58378176658870047B8CD /* NSString+SBJSON.m */ = {isa = PBXFileReference; fileEncoding = 4; lastKnownFileType = sourcecode.c.objc; path = "NSString+SBJSON.m"; sourceTree = "<group>"; };
		5BA58379176658870047B8CD /* SBJSON.h */ = {isa = PBXFileReference; fileEncoding = 4; lastKnownFileType = sourcecode.c.h; path = SBJSON.h; sourceTree = "<group>"; };
		5BA5837A176658870047B8CD /* SBJSON.m */ = {isa = PBXFileReference; fileEncoding = 4; lastKnownFileType = sourcecode.c.objc; path = SBJSON.m; sourceTree = "<group>"; };
		5BA5837B176658870047B8CD /* SBJsonBase.h */ = {isa = PBXFileReference; fileEncoding = 4; lastKnownFileType = sourcecode.c.h; path = SBJsonBase.h; sourceTree = "<group>"; };
		5BA5837C176658870047B8CD /* SBJsonBase.m */ = {isa = PBXFileReference; fileEncoding = 4; lastKnownFileType = sourcecode.c.objc; path = SBJsonBase.m; sourceTree = "<group>"; };
		5BA5837D176658870047B8CD /* SBJsonParser.h */ = {isa = PBXFileReference; fileEncoding = 4; lastKnownFileType = sourcecode.c.h; path = SBJsonParser.h; sourceTree = "<group>"; };
		5BA5837E176658870047B8CD /* SBJsonParser.m */ = {isa = PBXFileReference; fileEncoding = 4; lastKnownFileType = sourcecode.c.objc; path = SBJsonParser.m; sourceTree = "<group>"; };
		5BA5837F176658870047B8CD /* SBJsonWriter.h */ = {isa = PBXFileReference; fileEncoding = 4; lastKnownFileType = sourcecode.c.h; path = SBJsonWriter.h; sourceTree = "<group>"; };
		5BA58380176658870047B8CD /* SBJsonWriter.m */ = {isa = PBXFileReference; fileEncoding = 4; lastKnownFileType = sourcecode.c.objc; path = SBJsonWriter.m; sourceTree = "<group>"; };
		5BAFEB4D175FA22200FB90E1 /* JSONConnection.h */ = {isa = PBXFileReference; fileEncoding = 4; lastKnownFileType = sourcecode.c.h; path = JSONConnection.h; sourceTree = "<group>"; };
		5BAFEB4E175FA22200FB90E1 /* JSONConnection.m */ = {isa = PBXFileReference; fileEncoding = 4; lastKnownFileType = sourcecode.c.objc; path = JSONConnection.m; sourceTree = "<group>"; };
		5BAFEB50175FA29100FB90E1 /* ServiceResult.h */ = {isa = PBXFileReference; fileEncoding = 4; lastKnownFileType = sourcecode.c.h; path = ServiceResult.h; sourceTree = "<group>"; };
		5BAFEB51175FA29100FB90E1 /* ServiceResult.m */ = {isa = PBXFileReference; fileEncoding = 4; lastKnownFileType = sourcecode.c.objc; path = ServiceResult.m; sourceTree = "<group>"; };
		5BAFEB6E175FA6A500FB90E1 /* ARISAlertHandler.h */ = {isa = PBXFileReference; fileEncoding = 4; lastKnownFileType = sourcecode.c.h; path = ARISAlertHandler.h; sourceTree = "<group>"; };
		5BAFEB6F175FA6A500FB90E1 /* ARISAlertHandler.m */ = {isa = PBXFileReference; fileEncoding = 4; lastKnownFileType = sourcecode.c.objc; path = ARISAlertHandler.m; sourceTree = "<group>"; };
		5BAFEB71175FA8AB00FB90E1 /* MessageUI.framework */ = {isa = PBXFileReference; lastKnownFileType = wrapper.framework; name = MessageUI.framework; path = System/Library/Frameworks/MessageUI.framework; sourceTree = SDKROOT; };
		5BBDCF6A176100DD004CDA15 /* Game.h */ = {isa = PBXFileReference; fileEncoding = 4; lastKnownFileType = sourcecode.c.h; path = Game.h; sourceTree = "<group>"; };
		5BBDCF6B176100DD004CDA15 /* Game.m */ = {isa = PBXFileReference; fileEncoding = 4; lastKnownFileType = sourcecode.c.objc; path = Game.m; sourceTree = "<group>"; };
		5BBDCF6D176101E4004CDA15 /* NSDictionary+ValidParsers.h */ = {isa = PBXFileReference; fileEncoding = 4; lastKnownFileType = sourcecode.c.h; path = "NSDictionary+ValidParsers.h"; sourceTree = "<group>"; };
		5BBDCF6E176101E4004CDA15 /* NSDictionary+ValidParsers.m */ = {isa = PBXFileReference; fileEncoding = 4; lastKnownFileType = sourcecode.c.objc; path = "NSDictionary+ValidParsers.m"; sourceTree = "<group>"; };
		5BBDCF70176102A2004CDA15 /* CoreLocation.framework */ = {isa = PBXFileReference; lastKnownFileType = wrapper.framework; name = CoreLocation.framework; path = System/Library/Frameworks/CoreLocation.framework; sourceTree = SDKROOT; };
		5BBDCF72176133AD004CDA15 /* Location.h */ = {isa = PBXFileReference; fileEncoding = 4; lastKnownFileType = sourcecode.c.h; path = Location.h; sourceTree = "<group>"; };
		5BBDCF73176133AD004CDA15 /* Location.m */ = {isa = PBXFileReference; fileEncoding = 4; lastKnownFileType = sourcecode.c.objc; path = Location.m; sourceTree = "<group>"; };
		5BBDCF751761343B004CDA15 /* GameObjectProtocol.h */ = {isa = PBXFileReference; fileEncoding = 4; lastKnownFileType = sourcecode.c.h; path = GameObjectProtocol.h; sourceTree = "<group>"; };
		5BBDCF761761343B004CDA15 /* GameObjectViewController.h */ = {isa = PBXFileReference; fileEncoding = 4; lastKnownFileType = sourcecode.c.h; path = GameObjectViewController.h; sourceTree = "<group>"; };
		5BBDCF771761343B004CDA15 /* GameObjectViewController.m */ = {isa = PBXFileReference; fileEncoding = 4; lastKnownFileType = sourcecode.c.objc; path = GameObjectViewController.m; sourceTree = "<group>"; };
		5BE41110175D135E00A09986 /* 74-location.png */ = {isa = PBXFileReference; lastKnownFileType = image.png; path = "74-location.png"; sourceTree = "<group>"; };
		5BE41111175D135E00A09986 /* 145-persondot.png */ = {isa = PBXFileReference; lastKnownFileType = image.png; path = "145-persondot.png"; sourceTree = "<group>"; };
		5BE41112175D135E00A09986 /* 196-radiation.png */ = {isa = PBXFileReference; lastKnownFileType = image.png; path = "196-radiation.png"; sourceTree = "<group>"; };
		5BE41113175D135E00A09986 /* cactus.png */ = {isa = PBXFileReference; lastKnownFileType = image.png; path = cactus.png; sourceTree = "<group>"; };
		5BE41114175D135E00A09986 /* palmTree.png */ = {isa = PBXFileReference; lastKnownFileType = image.png; path = palmTree.png; sourceTree = "<group>"; };
		5BE41115175D135E00A09986 /* sun.png */ = {isa = PBXFileReference; lastKnownFileType = image.png; path = sun.png; sourceTree = "<group>"; };
		71242B9217554F38006CF0F3 /* 74-location.png */ = {isa = PBXFileReference; lastKnownFileType = image.png; path = "74-location.png"; sourceTree = "<group>"; };
		71242B9317554F38006CF0F3 /* 145-persondot.png */ = {isa = PBXFileReference; lastKnownFileType = image.png; path = "145-persondot.png"; sourceTree = "<group>"; };
		71242B9617555074006CF0F3 /* 196-radiation.png */ = {isa = PBXFileReference; lastKnownFileType = image.png; path = "196-radiation.png"; sourceTree = "<group>"; };
		71242BFE17555678006CF0F3 /* LostPasswordViewController.h */ = {isa = PBXFileReference; fileEncoding = 4; lastKnownFileType = sourcecode.c.h; path = LostPasswordViewController.h; sourceTree = "<group>"; };
		71242BFF17555678006CF0F3 /* LostPasswordViewController.m */ = {isa = PBXFileReference; fileEncoding = 4; lastKnownFileType = sourcecode.c.objc; path = LostPasswordViewController.m; sourceTree = "<group>"; };
		718A5D0F1761428B009DA4F1 /* 246-route.png */ = {isa = PBXFileReference; lastKnownFileType = image.png; path = "246-route.png"; sourceTree = "<group>"; };
		719451091770B46A00E542E7 /* en */ = {isa = PBXFileReference; lastKnownFileType = text.plist.strings; name = en; path = InfoPlist.strings; sourceTree = "<group>"; };
		7194510B1770B46A00E542E7 /* en */ = {isa = PBXFileReference; lastKnownFileType = text.plist.strings; name = en; path = Localizable.strings; sourceTree = "<group>"; };
		7194510E1770B46A00E542E7 /* es */ = {isa = PBXFileReference; lastKnownFileType = text.plist.strings; name = es; path = Localizable.strings; sourceTree = "<group>"; };
		719451111770B46A00E542E7 /* fr */ = {isa = PBXFileReference; lastKnownFileType = text.plist.strings; name = fr; path = Localizable.strings; sourceTree = "<group>"; };
		719941C7174D3F9200B7E42D /* ARISRealtimeMonitor.app */ = {isa = PBXFileReference; explicitFileType = wrapper.application; includeInIndex = 0; path = ARISRealtimeMonitor.app; sourceTree = BUILT_PRODUCTS_DIR; };
		719941CA174D3F9200B7E42D /* UIKit.framework */ = {isa = PBXFileReference; lastKnownFileType = wrapper.framework; name = UIKit.framework; path = System/Library/Frameworks/UIKit.framework; sourceTree = SDKROOT; };
		719941CC174D3F9200B7E42D /* Foundation.framework */ = {isa = PBXFileReference; lastKnownFileType = wrapper.framework; name = Foundation.framework; path = System/Library/Frameworks/Foundation.framework; sourceTree = SDKROOT; };
		719941CE174D3F9200B7E42D /* CoreGraphics.framework */ = {isa = PBXFileReference; lastKnownFileType = wrapper.framework; name = CoreGraphics.framework; path = System/Library/Frameworks/CoreGraphics.framework; sourceTree = SDKROOT; };
		719941D2174D3F9200B7E42D /* ARISRealtimeMonitor-Info.plist */ = {isa = PBXFileReference; lastKnownFileType = text.plist.xml; path = "ARISRealtimeMonitor-Info.plist"; sourceTree = "<group>"; };
		719941D4174D3F9200B7E42D /* en */ = {isa = PBXFileReference; lastKnownFileType = text.plist.strings; name = en; path = en.lproj/InfoPlist.strings; sourceTree = "<group>"; };
		719941D6174D3F9200B7E42D /* main.m */ = {isa = PBXFileReference; lastKnownFileType = sourcecode.c.objc; path = main.m; sourceTree = "<group>"; };
		719941D8174D3F9200B7E42D /* ARISRealtimeMonitor-Prefix.pch */ = {isa = PBXFileReference; lastKnownFileType = sourcecode.c.h; path = "ARISRealtimeMonitor-Prefix.pch"; sourceTree = "<group>"; };
		719941D9174D3F9200B7E42D /* ARISRealtimeMonitorAppDelegate.h */ = {isa = PBXFileReference; lastKnownFileType = sourcecode.c.h; path = ARISRealtimeMonitorAppDelegate.h; sourceTree = "<group>"; };
		719941DA174D3F9200B7E42D /* ARISRealtimeMonitorAppDelegate.m */ = {isa = PBXFileReference; lastKnownFileType = sourcecode.c.objc; path = ARISRealtimeMonitorAppDelegate.m; sourceTree = "<group>"; };
		719941DC174D3F9200B7E42D /* Default.png */ = {isa = PBXFileReference; lastKnownFileType = image.png; path = Default.png; sourceTree = "<group>"; };
		719941DE174D3F9200B7E42D /* Default@2x.png */ = {isa = PBXFileReference; lastKnownFileType = image.png; path = "Default@2x.png"; sourceTree = "<group>"; };
		719941E0174D3F9200B7E42D /* Default-568h@2x.png */ = {isa = PBXFileReference; lastKnownFileType = image.png; path = "Default-568h@2x.png"; sourceTree = "<group>"; };
		719F9AFD174FD412004C6DF4 /* MapKit.framework */ = {isa = PBXFileReference; lastKnownFileType = wrapper.framework; name = MapKit.framework; path = System/Library/Frameworks/MapKit.framework; sourceTree = SDKROOT; };
		719F9AFF174FE424004C6DF4 /* AnnotationGameLocation.h */ = {isa = PBXFileReference; fileEncoding = 4; lastKnownFileType = sourcecode.c.h; path = AnnotationGameLocation.h; sourceTree = "<group>"; };
		719F9B00174FE425004C6DF4 /* AnnotationGameLocation.m */ = {isa = PBXFileReference; fileEncoding = 4; lastKnownFileType = sourcecode.c.objc; path = AnnotationGameLocation.m; sourceTree = "<group>"; };
		719F9B02175506D7004C6DF4 /* AnnotationViews.h */ = {isa = PBXFileReference; fileEncoding = 4; lastKnownFileType = sourcecode.c.h; path = AnnotationViews.h; sourceTree = "<group>"; };
		719F9B03175506D7004C6DF4 /* AnnotationViews.m */ = {isa = PBXFileReference; fileEncoding = 4; lastKnownFileType = sourcecode.c.objc; path = AnnotationViews.m; sourceTree = "<group>"; };
		719F9B051755098C004C6DF4 /* cactus.png */ = {isa = PBXFileReference; lastKnownFileType = image.png; path = cactus.png; sourceTree = "<group>"; };
		719F9B061755098C004C6DF4 /* palmTree.png */ = {isa = PBXFileReference; lastKnownFileType = image.png; path = palmTree.png; sourceTree = "<group>"; };
		719F9B071755098C004C6DF4 /* sun.png */ = {isa = PBXFileReference; lastKnownFileType = image.png; path = sun.png; sourceTree = "<group>"; };
		71AA1D2C176F7BB000FEE34E /* logo_dk_vertical_lock_up.png */ = {isa = PBXFileReference; lastKnownFileType = image.png; path = logo_dk_vertical_lock_up.png; sourceTree = "<group>"; };
		71CFF3BB174D6208008C0C14 /* GameMapViewController.h */ = {isa = PBXFileReference; fileEncoding = 4; lastKnownFileType = sourcecode.c.h; path = GameMapViewController.h; sourceTree = "<group>"; };
		71CFF3BC174D6208008C0C14 /* GameMapViewController.m */ = {isa = PBXFileReference; fileEncoding = 4; lastKnownFileType = sourcecode.c.objc; path = GameMapViewController.m; sourceTree = "<group>"; };
		71CFF3BD174D6208008C0C14 /* GameMapViewController.xib */ = {isa = PBXFileReference; fileEncoding = 4; lastKnownFileType = file.xib; path = GameMapViewController.xib; sourceTree = "<group>"; };
		71CFF3C0174D62BF008C0C14 /* GameTableViewController.h */ = {isa = PBXFileReference; fileEncoding = 4; lastKnownFileType = sourcecode.c.h; path = GameTableViewController.h; sourceTree = "<group>"; };
		71CFF3C1174D62BF008C0C14 /* GameTableViewController.m */ = {isa = PBXFileReference; fileEncoding = 4; lastKnownFileType = sourcecode.c.objc; path = GameTableViewController.m; sourceTree = "<group>"; };
		71CFF3C2174D62C0008C0C14 /* GameTableViewController.xib */ = {isa = PBXFileReference; fileEncoding = 4; lastKnownFileType = file.xib; path = GameTableViewController.xib; sourceTree = "<group>"; };
		71CFF3C5174E6F0E008C0C14 /* GameViewController.h */ = {isa = PBXFileReference; fileEncoding = 4; lastKnownFileType = sourcecode.c.h; path = GameViewController.h; sourceTree = "<group>"; };
		71CFF3C6174E6F0E008C0C14 /* GameViewController.m */ = {isa = PBXFileReference; fileEncoding = 4; lastKnownFileType = sourcecode.c.objc; path = GameViewController.m; sourceTree = "<group>"; };
		71F827AF176FB41D007156A2 /* 08-chat.png */ = {isa = PBXFileReference; lastKnownFileType = image.png; path = "08-chat.png"; sourceTree = "<group>"; };
		71F827B0176FB41D007156A2 /* 55-network.png */ = {isa = PBXFileReference; lastKnownFileType = image.png; path = "55-network.png"; sourceTree = "<group>"; };
		71F827B1176FB41D007156A2 /* 111-user.png */ = {isa = PBXFileReference; lastKnownFileType = image.png; path = "111-user.png"; sourceTree = "<group>"; };
		71F827B2176FB41D007156A2 /* 174-imac.png */ = {isa = PBXFileReference; lastKnownFileType = image.png; path = "174-imac.png"; sourceTree = "<group>"; };
		71F827B3176FB41D007156A2 /* 257-box3.png */ = {isa = PBXFileReference; lastKnownFileType = image.png; path = "257-box3.png"; sourceTree = "<group>"; };
		71F827B9176FB5EE007156A2 /* notebook.png */ = {isa = PBXFileReference; lastKnownFileType = image.png; path = notebook.png; sourceTree = "<group>"; };
/* End PBXFileReference section */

/* Begin PBXFrameworksBuildPhase section */
		719941C4174D3F9200B7E42D /* Frameworks */ = {
			isa = PBXFrameworksBuildPhase;
			buildActionMask = 2147483647;
			files = (
				5BBDCF71176102A2004CDA15 /* CoreLocation.framework in Frameworks */,
				5BAFEB72175FA8AC00FB90E1 /* MessageUI.framework in Frameworks */,
				719F9AFE174FD412004C6DF4 /* MapKit.framework in Frameworks */,
				719941CB174D3F9200B7E42D /* UIKit.framework in Frameworks */,
				719941CD174D3F9200B7E42D /* Foundation.framework in Frameworks */,
				719941CF174D3F9200B7E42D /* CoreGraphics.framework in Frameworks */,
			);
			runOnlyForDeploymentPostprocessing = 0;
		};
/* End PBXFrameworksBuildPhase section */

/* Begin PBXGroup section */
		5BA58371176658870047B8CD /* JSON */ = {
			isa = PBXGroup;
			children = (
				5BA58372176658870047B8CD /* JSON.h */,
				5BA58373176658870047B8CD /* JSONKit.h */,
				5BA58374176658870047B8CD /* JSONKit.m */,
				5BA58375176658870047B8CD /* NSObject+SBJSON.h */,
				5BA58376176658870047B8CD /* NSObject+SBJSON.m */,
				5BA58377176658870047B8CD /* NSString+SBJSON.h */,
				5BA58378176658870047B8CD /* NSString+SBJSON.m */,
				5BA58379176658870047B8CD /* SBJSON.h */,
				5BA5837A176658870047B8CD /* SBJSON.m */,
				5BA5837B176658870047B8CD /* SBJsonBase.h */,
				5BA5837C176658870047B8CD /* SBJsonBase.m */,
				5BA5837D176658870047B8CD /* SBJsonParser.h */,
				5BA5837E176658870047B8CD /* SBJsonParser.m */,
				5BA5837F176658870047B8CD /* SBJsonWriter.h */,
				5BA58380176658870047B8CD /* SBJsonWriter.m */,
			);
			path = JSON;
			sourceTree = "<group>";
		};
		719451071770B46A00E542E7 /* en.lproj */ = {
			isa = PBXGroup;
			children = (
				719451081770B46A00E542E7 /* InfoPlist.strings */,
				7194510A1770B46A00E542E7 /* Localizable.strings */,
			);
			path = en.lproj;
			sourceTree = "<group>";
		};
		7194510C1770B46A00E542E7 /* es.lproj */ = {
			isa = PBXGroup;
			children = (
				7194510D1770B46A00E542E7 /* Localizable.strings */,
			);
			path = es.lproj;
			sourceTree = "<group>";
		};
		7194510F1770B46A00E542E7 /* fr.lproj */ = {
			isa = PBXGroup;
			children = (
				719451101770B46A00E542E7 /* Localizable.strings */,
			);
			path = fr.lproj;
			sourceTree = "<group>";
		};
		719941BE174D3F9200B7E42D = {
			isa = PBXGroup;
			children = (
				719941D0174D3F9200B7E42D /* ARISRealtimeMonitor */,
				719941C9174D3F9200B7E42D /* Frameworks */,
				719941C8174D3F9200B7E42D /* Products */,
			);
			sourceTree = "<group>";
		};
		719941C8174D3F9200B7E42D /* Products */ = {
			isa = PBXGroup;
			children = (
				719941C7174D3F9200B7E42D /* ARISRealtimeMonitor.app */,
			);
			name = Products;
			sourceTree = "<group>";
		};
		719941C9174D3F9200B7E42D /* Frameworks */ = {
			isa = PBXGroup;
			children = (
				5BBDCF70176102A2004CDA15 /* CoreLocation.framework */,
				5BAFEB71175FA8AB00FB90E1 /* MessageUI.framework */,
				719F9AFD174FD412004C6DF4 /* MapKit.framework */,
				719941CA174D3F9200B7E42D /* UIKit.framework */,
				719941CC174D3F9200B7E42D /* Foundation.framework */,
				719941CE174D3F9200B7E42D /* CoreGraphics.framework */,
			);
			name = Frameworks;
			sourceTree = "<group>";
		};
		719941D0174D3F9200B7E42D /* ARISRealtimeMonitor */ = {
			isa = PBXGroup;
			children = (
				5BA58371176658870047B8CD /* JSON */,
				5BBDCF751761343B004CDA15 /* GameObjectProtocol.h */,
				5BBDCF761761343B004CDA15 /* GameObjectViewController.h */,
				5BBDCF771761343B004CDA15 /* GameObjectViewController.m */,
				5BBDCF6D176101E4004CDA15 /* NSDictionary+ValidParsers.h */,
				5BBDCF6E176101E4004CDA15 /* NSDictionary+ValidParsers.m */,
				5BBDCF6A176100DD004CDA15 /* Game.h */,
				5BBDCF6B176100DD004CDA15 /* Game.m */,
				5BBDCF72176133AD004CDA15 /* Location.h */,
				5BBDCF73176133AD004CDA15 /* Location.m */,
				5BAFEB6E175FA6A500FB90E1 /* ARISAlertHandler.h */,
				5BAFEB6F175FA6A500FB90E1 /* ARISAlertHandler.m */,
				5BAFEB50175FA29100FB90E1 /* ServiceResult.h */,
				5BAFEB51175FA29100FB90E1 /* ServiceResult.m */,
				5BAFEB4D175FA22200FB90E1 /* JSONConnection.h */,
				5BAFEB4E175FA22200FB90E1 /* JSONConnection.m */,
				71242BFE17555678006CF0F3 /* LostPasswordViewController.h */,
				71242BFF17555678006CF0F3 /* LostPasswordViewController.m */,
				5B35AC06175E5B8400B0D9D2 /* LostPasswordViewController.xib */,
				5B67E1CE174E681600DDBC2A /* SimpleTableCell.xib */,
				5B67E1D0174E693B00DDBC2A /* SimpleTableCell.h */,
				5B67E1D1174E693B00DDBC2A /* SimpleTableCell.m */,
				719941D9174D3F9200B7E42D /* ARISRealtimeMonitorAppDelegate.h */,
				719941DA174D3F9200B7E42D /* ARISRealtimeMonitorAppDelegate.m */,
				5BA58333176653FE0047B8CD /* ArisRealtimeLoginViewController.h */,
				5BA58334176653FE0047B8CD /* ArisRealtimeLoginViewController.m */,
				5BA58335176653FE0047B8CD /* ArisRealtimeLoginViewController.xib */,
				5BA58336176653FF0047B8CD /* Event.h */,
				5BA58337176653FF0047B8CD /* Event.m */,
				5B35AC09175E636800B0D9D2 /* SelectGameViewController.h */,
				5B35AC0A175E636800B0D9D2 /* SelectGameViewController.m */,
				5B35AC0B175E636800B0D9D2 /* SelectGameViewController.xib */,
				5B67E1D3174E7C9E00DDBC2A /* LoginTableCell.xib */,
				5B67E1D5174E7CE200DDBC2A /* LoginTableCell.h */,
				5B67E1D6174E7CE200DDBC2A /* LoginTableCell.m */,
				5B35AC12175E8BC000B0D9D2 /* AppModel.h */,
				5B35AC13175E8BC000B0D9D2 /* AppModel.m */,
				5B99A57D174D4F1000950E08 /* AppServices.h */,
				5B99A57E174D4F1000950E08 /* AppServices.m */,
				5B9BAC781762455B0087EB07 /* Player.h */,
				5B9BAC791762455B0087EB07 /* Player.m */,
				719F9B02175506D7004C6DF4 /* AnnotationViews.h */,
				719F9B03175506D7004C6DF4 /* AnnotationViews.m */,
				719F9AFF174FE424004C6DF4 /* AnnotationGameLocation.h */,
				719F9B00174FE425004C6DF4 /* AnnotationGameLocation.m */,
				71CFF3C5174E6F0E008C0C14 /* GameViewController.h */,
				71CFF3C6174E6F0E008C0C14 /* GameViewController.m */,
				5B35AC14175E8BC000B0D9D2 /* GameViewController.xib */,
				71CFF3BB174D6208008C0C14 /* GameMapViewController.h */,
				71CFF3BC174D6208008C0C14 /* GameMapViewController.m */,
				71CFF3BD174D6208008C0C14 /* GameMapViewController.xib */,
				71CFF3C0174D62BF008C0C14 /* GameTableViewController.h */,
				71CFF3C1174D62BF008C0C14 /* GameTableViewController.m */,
				71CFF3C2174D62C0008C0C14 /* GameTableViewController.xib */,
				719941D1174D3F9200B7E42D /* Supporting Files */,
			);
			path = ARISRealtimeMonitor;
			sourceTree = "<group>";
		};
		719941D1174D3F9200B7E42D /* Supporting Files */ = {
			isa = PBXGroup;
			children = (
				719451071770B46A00E542E7 /* en.lproj */,
				7194510C1770B46A00E542E7 /* es.lproj */,
				7194510F1770B46A00E542E7 /* fr.lproj */,
				71F827B9176FB5EE007156A2 /* notebook.png */,
				71F827AF176FB41D007156A2 /* 08-chat.png */,
				71F827B0176FB41D007156A2 /* 55-network.png */,
				71F827B1176FB41D007156A2 /* 111-user.png */,
				71F827B2176FB41D007156A2 /* 174-imac.png */,
				71F827B3176FB41D007156A2 /* 257-box3.png */,
				718A5D0F1761428B009DA4F1 /* 246-route.png */,
				5BE41110175D135E00A09986 /* 74-location.png */,
				5BE41111175D135E00A09986 /* 145-persondot.png */,
				5BE41112175D135E00A09986 /* 196-radiation.png */,
				5BE41113175D135E00A09986 /* cactus.png */,
				5BE41114175D135E00A09986 /* palmTree.png */,
				5BE41115175D135E00A09986 /* sun.png */,
				71242B9617555074006CF0F3 /* 196-radiation.png */,
				71242B9217554F38006CF0F3 /* 74-location.png */,
				71242B9317554F38006CF0F3 /* 145-persondot.png */,
				719F9B051755098C004C6DF4 /* cactus.png */,
				719F9B061755098C004C6DF4 /* palmTree.png */,
				719F9B071755098C004C6DF4 /* sun.png */,
				5B45209F174FC4FF0038599C /* 179-notepad.png */,
				5B45209D174FC4EE0038599C /* 73-radar.png */,
				719941D2174D3F9200B7E42D /* ARISRealtimeMonitor-Info.plist */,
				719941D3174D3F9200B7E42D /* InfoPlist.strings */,
				719941D6174D3F9200B7E42D /* main.m */,
				719941D8174D3F9200B7E42D /* ARISRealtimeMonitor-Prefix.pch */,
				71AA1D2C176F7BB000FEE34E /* logo_dk_vertical_lock_up.png */,
				719941DC174D3F9200B7E42D /* Default.png */,
				719941DE174D3F9200B7E42D /* Default@2x.png */,
				719941E0174D3F9200B7E42D /* Default-568h@2x.png */,
			);
			name = "Supporting Files";
			sourceTree = "<group>";
		};
/* End PBXGroup section */

/* Begin PBXNativeTarget section */
		719941C6174D3F9200B7E42D /* ARISRealtimeMonitor */ = {
			isa = PBXNativeTarget;
			buildConfigurationList = 719941F6174D3F9200B7E42D /* Build configuration list for PBXNativeTarget "ARISRealtimeMonitor" */;
			buildPhases = (
				719941C3174D3F9200B7E42D /* Sources */,
				719941C4174D3F9200B7E42D /* Frameworks */,
				719941C5174D3F9200B7E42D /* Resources */,
			);
			buildRules = (
			);
			dependencies = (
			);
			name = ARISRealtimeMonitor;
			productName = ARISRealtimeMonitor;
			productReference = 719941C7174D3F9200B7E42D /* ARISRealtimeMonitor.app */;
			productType = "com.apple.product-type.application";
		};
/* End PBXNativeTarget section */

/* Begin PBXProject section */
		719941BF174D3F9200B7E42D /* Project object */ = {
			isa = PBXProject;
			attributes = {
				CLASSPREFIX = ARISRealtimeMonitor;
				LastUpgradeCheck = 0460;
				ORGANIZATIONNAME = "Nick Heindl";
			};
			buildConfigurationList = 719941C2174D3F9200B7E42D /* Build configuration list for PBXProject "ARISRealtimeMonitor" */;
			compatibilityVersion = "Xcode 3.2";
			developmentRegion = English;
			hasScannedForEncodings = 0;
			knownRegions = (
				en,
				es,
				fr,
			);
			mainGroup = 719941BE174D3F9200B7E42D;
			productRefGroup = 719941C8174D3F9200B7E42D /* Products */;
			projectDirPath = "";
			projectRoot = "";
			targets = (
				719941C6174D3F9200B7E42D /* ARISRealtimeMonitor */,
			);
		};
/* End PBXProject section */

/* Begin PBXResourcesBuildPhase section */
		719941C5174D3F9200B7E42D /* Resources */ = {
			isa = PBXResourcesBuildPhase;
			buildActionMask = 2147483647;
			files = (
				719941D5174D3F9200B7E42D /* InfoPlist.strings in Resources */,
				719941DD174D3F9200B7E42D /* Default.png in Resources */,
				719941DF174D3F9200B7E42D /* Default@2x.png in Resources */,
				719941E1174D3F9200B7E42D /* Default-568h@2x.png in Resources */,
				5B67E1CF174E681600DDBC2A /* SimpleTableCell.xib in Resources */,
				5B67E1D4174E7C9E00DDBC2A /* LoginTableCell.xib in Resources */,
				71CFF3BF174D6208008C0C14 /* GameMapViewController.xib in Resources */,
				71CFF3C4174D62C0008C0C14 /* GameTableViewController.xib in Resources */,
				5B45209E174FC4EE0038599C /* 73-radar.png in Resources */,
				5B4520A0174FC4FF0038599C /* 179-notepad.png in Resources */,
				71242B9517554F38006CF0F3 /* 145-persondot.png in Resources */,
				5BE41116175D135E00A09986 /* 74-location.png in Resources */,
				5BE41118175D135E00A09986 /* 196-radiation.png in Resources */,
				5BE41119175D135E00A09986 /* cactus.png in Resources */,
				5BE4111A175D135E00A09986 /* palmTree.png in Resources */,
				5BE4111B175D135E00A09986 /* sun.png in Resources */,
				5B35AC07175E5B8400B0D9D2 /* LostPasswordViewController.xib in Resources */,
				5B35AC0D175E636800B0D9D2 /* SelectGameViewController.xib in Resources */,
				5B35AC16175E8BC000B0D9D2 /* GameViewController.xib in Resources */,
				718A5D101761428B009DA4F1 /* 246-route.png in Resources */,
				5BA58339176653FF0047B8CD /* ArisRealtimeLoginViewController.xib in Resources */,
				71AA1D2D176F7BB100FEE34E /* logo_dk_vertical_lock_up.png in Resources */,
				71F827B4176FB41D007156A2 /* 08-chat.png in Resources */,
				71F827B5176FB41D007156A2 /* 55-network.png in Resources */,
				71F827B6176FB41D007156A2 /* 111-user.png in Resources */,
				71F827B7176FB41D007156A2 /* 174-imac.png in Resources */,
				71F827B8176FB41D007156A2 /* 257-box3.png in Resources */,
				71F827BA176FB5EE007156A2 /* notebook.png in Resources */,
				719451121770B46A00E542E7 /* InfoPlist.strings in Resources */,
				719451131770B46A00E542E7 /* Localizable.strings in Resources */,
				719451141770B46A00E542E7 /* Localizable.strings in Resources */,
				719451151770B46A00E542E7 /* Localizable.strings in Resources */,
			);
			runOnlyForDeploymentPostprocessing = 0;
		};
/* End PBXResourcesBuildPhase section */

/* Begin PBXSourcesBuildPhase section */
		719941C3174D3F9200B7E42D /* Sources */ = {
			isa = PBXSourcesBuildPhase;
			buildActionMask = 2147483647;
			files = (
				719941D7174D3F9200B7E42D /* main.m in Sources */,
				719941DB174D3F9200B7E42D /* ARISRealtimeMonitorAppDelegate.m in Sources */,
				5B99A57F174D4F1000950E08 /* AppServices.m in Sources */,
				5B67E1D2174E693B00DDBC2A /* SimpleTableCell.m in Sources */,
				5B67E1D7174E7CE200DDBC2A /* LoginTableCell.m in Sources */,
				71CFF3BE174D6208008C0C14 /* GameMapViewController.m in Sources */,
				71CFF3C3174D62C0008C0C14 /* GameTableViewController.m in Sources */,
				71CFF3C8174E6F0F008C0C14 /* GameViewController.m in Sources */,
				719F9B01174FE425004C6DF4 /* AnnotationGameLocation.m in Sources */,
				719F9B04175506D7004C6DF4 /* AnnotationViews.m in Sources */,
				71242C0017555678006CF0F3 /* LostPasswordViewController.m in Sources */,
				5B35AC0C175E636800B0D9D2 /* SelectGameViewController.m in Sources */,
				5B35AC15175E8BC000B0D9D2 /* AppModel.m in Sources */,
				5BAFEB4F175FA22200FB90E1 /* JSONConnection.m in Sources */,
				5BAFEB52175FA29100FB90E1 /* ServiceResult.m in Sources */,
				5BAFEB70175FA6A500FB90E1 /* ARISAlertHandler.m in Sources */,
				5BBDCF6C176100DD004CDA15 /* Game.m in Sources */,
				5BBDCF6F176101E4004CDA15 /* NSDictionary+ValidParsers.m in Sources */,
				5BBDCF74176133AE004CDA15 /* Location.m in Sources */,
				5BBDCF781761343B004CDA15 /* GameObjectViewController.m in Sources */,
				5B9BAC7A1762455B0087EB07 /* Player.m in Sources */,
				5BA58338176653FF0047B8CD /* ArisRealtimeLoginViewController.m in Sources */,
				5BA5833A176653FF0047B8CD /* Event.m in Sources */,
				5BA58381176658870047B8CD /* JSONKit.m in Sources */,
				5BA58382176658870047B8CD /* NSObject+SBJSON.m in Sources */,
				5BA58383176658870047B8CD /* NSString+SBJSON.m in Sources */,
				5BA58384176658870047B8CD /* SBJSON.m in Sources */,
				5BA58385176658870047B8CD /* SBJsonBase.m in Sources */,
				5BA58386176658870047B8CD /* SBJsonParser.m in Sources */,
				5BA58387176658870047B8CD /* SBJsonWriter.m in Sources */,
			);
			runOnlyForDeploymentPostprocessing = 0;
		};
/* End PBXSourcesBuildPhase section */

/* Begin PBXVariantGroup section */
		719451081770B46A00E542E7 /* InfoPlist.strings */ = {
			isa = PBXVariantGroup;
			children = (
				719451091770B46A00E542E7 /* en */,
			);
			name = InfoPlist.strings;
			sourceTree = "<group>";
		};
		7194510A1770B46A00E542E7 /* Localizable.strings */ = {
			isa = PBXVariantGroup;
			children = (
				7194510B1770B46A00E542E7 /* en */,
			);
			name = Localizable.strings;
			sourceTree = "<group>";
		};
		7194510D1770B46A00E542E7 /* Localizable.strings */ = {
			isa = PBXVariantGroup;
			children = (
				7194510E1770B46A00E542E7 /* es */,
			);
			name = Localizable.strings;
			sourceTree = "<group>";
		};
		719451101770B46A00E542E7 /* Localizable.strings */ = {
			isa = PBXVariantGroup;
			children = (
				719451111770B46A00E542E7 /* fr */,
			);
			name = Localizable.strings;
			sourceTree = "<group>";
		};
		719941D3174D3F9200B7E42D /* InfoPlist.strings */ = {
			isa = PBXVariantGroup;
			children = (
				719941D4174D3F9200B7E42D /* en */,
			);
			name = InfoPlist.strings;
			sourceTree = "<group>";
		};
/* End PBXVariantGroup section */

/* Begin XCBuildConfiguration section */
		719941F4174D3F9200B7E42D /* Debug */ = {
			isa = XCBuildConfiguration;
			buildSettings = {
				ALWAYS_SEARCH_USER_PATHS = NO;
				CLANG_CXX_LANGUAGE_STANDARD = "gnu++0x";
				CLANG_CXX_LIBRARY = "libc++";
				CLANG_ENABLE_OBJC_ARC = YES;
				CLANG_WARN_CONSTANT_CONVERSION = YES;
				CLANG_WARN_EMPTY_BODY = YES;
				CLANG_WARN_ENUM_CONVERSION = YES;
				CLANG_WARN_INT_CONVERSION = YES;
				CLANG_WARN__DUPLICATE_METHOD_MATCH = YES;
				CODE_SIGN_IDENTITY = "iPhone Developer";
				"CODE_SIGN_IDENTITY[sdk=iphoneos*]" = "iPhone Developer";
				COPY_PHASE_STRIP = NO;
				GCC_C_LANGUAGE_STANDARD = gnu99;
				GCC_DYNAMIC_NO_PIC = NO;
				GCC_OPTIMIZATION_LEVEL = 0;
				GCC_PREPROCESSOR_DEFINITIONS = (
					"DEBUG=1",
					"$(inherited)",
				);
				GCC_SYMBOLS_PRIVATE_EXTERN = NO;
				GCC_WARN_ABOUT_RETURN_TYPE = YES;
				GCC_WARN_UNINITIALIZED_AUTOS = YES;
				GCC_WARN_UNUSED_VARIABLE = YES;
				IPHONEOS_DEPLOYMENT_TARGET = 6.1;
				ONLY_ACTIVE_ARCH = YES;
				PROVISIONING_PROFILE = "";
				"PROVISIONING_PROFILE[sdk=iphoneos*]" = "";
				SDKROOT = iphoneos;
				TARGETED_DEVICE_FAMILY = "1,2";
			};
			name = Debug;
		};
		719941F5174D3F9200B7E42D /* Release */ = {
			isa = XCBuildConfiguration;
			buildSettings = {
				ALWAYS_SEARCH_USER_PATHS = NO;
				CLANG_CXX_LANGUAGE_STANDARD = "gnu++0x";
				CLANG_CXX_LIBRARY = "libc++";
				CLANG_ENABLE_OBJC_ARC = YES;
				CLANG_WARN_CONSTANT_CONVERSION = YES;
				CLANG_WARN_EMPTY_BODY = YES;
				CLANG_WARN_ENUM_CONVERSION = YES;
				CLANG_WARN_INT_CONVERSION = YES;
				CLANG_WARN__DUPLICATE_METHOD_MATCH = YES;
				CODE_SIGN_IDENTITY = "iPhone Developer";
				"CODE_SIGN_IDENTITY[sdk=iphoneos*]" = "iPhone Developer";
				COPY_PHASE_STRIP = YES;
				GCC_C_LANGUAGE_STANDARD = gnu99;
				GCC_WARN_ABOUT_RETURN_TYPE = YES;
				GCC_WARN_UNINITIALIZED_AUTOS = YES;
				GCC_WARN_UNUSED_VARIABLE = YES;
				IPHONEOS_DEPLOYMENT_TARGET = 6.1;
				OTHER_CFLAGS = "-DNS_BLOCK_ASSERTIONS=1";
				PROVISIONING_PROFILE = "";
				"PROVISIONING_PROFILE[sdk=iphoneos*]" = "";
				SDKROOT = iphoneos;
				TARGETED_DEVICE_FAMILY = "1,2";
				VALIDATE_PRODUCT = YES;
			};
			name = Release;
		};
		719941F7174D3F9200B7E42D /* Debug */ = {
			isa = XCBuildConfiguration;
			buildSettings = {
				GCC_PRECOMPILE_PREFIX_HEADER = YES;
				GCC_PREFIX_HEADER = "ARISRealtimeMonitor/ARISRealtimeMonitor-Prefix.pch";
				INFOPLIST_FILE = "ARISRealtimeMonitor/ARISRealtimeMonitor-Info.plist";
				LIBRARY_SEARCH_PATHS = "$(inherited)";
				PRODUCT_NAME = "$(TARGET_NAME)";
				WRAPPER_EXTENSION = app;
			};
			name = Debug;
		};
		719941F8174D3F9200B7E42D /* Release */ = {
			isa = XCBuildConfiguration;
			buildSettings = {
				GCC_PRECOMPILE_PREFIX_HEADER = YES;
				GCC_PREFIX_HEADER = "ARISRealtimeMonitor/ARISRealtimeMonitor-Prefix.pch";
				INFOPLIST_FILE = "ARISRealtimeMonitor/ARISRealtimeMonitor-Info.plist";
				LIBRARY_SEARCH_PATHS = "$(inherited)";
				PRODUCT_NAME = "$(TARGET_NAME)";
				WRAPPER_EXTENSION = app;
			};
			name = Release;
		};
/* End XCBuildConfiguration section */

/* Begin XCConfigurationList section */
		719941C2174D3F9200B7E42D /* Build configuration list for PBXProject "ARISRealtimeMonitor" */ = {
			isa = XCConfigurationList;
			buildConfigurations = (
				719941F4174D3F9200B7E42D /* Debug */,
				719941F5174D3F9200B7E42D /* Release */,
			);
			defaultConfigurationIsVisible = 0;
			defaultConfigurationName = Release;
		};
		719941F6174D3F9200B7E42D /* Build configuration list for PBXNativeTarget "ARISRealtimeMonitor" */ = {
			isa = XCConfigurationList;
			buildConfigurations = (
				719941F7174D3F9200B7E42D /* Debug */,
				719941F8174D3F9200B7E42D /* Release */,
			);
			defaultConfigurationIsVisible = 0;
			defaultConfigurationName = Release;
		};
/* End XCConfigurationList section */
	};
	rootObject = 719941BF174D3F9200B7E42D /* Project object */;
}
